
Microsoft Visual Studio Solution File, Format Version 12.00
# Visual Studio Version 17
VisualStudioVersion = 17.9.34723.18
MinimumVisualStudioVersion = 10.0.40219.1
Project("{9A19103F-16F7-4668-BE54-9A1E7A4F7556}") = "HerramientasDeProgramacionII", "HerramientasDeProgramacionII\HerramientasDeProgramacionII.csproj", "{948F3F92-0560-4987-BD87-2695BE27B676}"
EndProject
Project("{00D1A9C2-B5F0-4AF3-8072-F6C62B433612}") = "Database1", "BaseDatos\Database\Database1\Database1.sqlproj", "{3A8EC805-32A2-462D-A602-2AA1132345EB}"
EndProject
Global
	GlobalSection(SolutionConfigurationPlatforms) = preSolution
		Debug|Any CPU = Debug|Any CPU
		Release|Any CPU = Release|Any CPU
	EndGlobalSection
	GlobalSection(ProjectConfigurationPlatforms) = postSolution
		{948F3F92-0560-4987-BD87-2695BE27B676}.Debug|Any CPU.ActiveCfg = Debug|Any CPU
		{948F3F92-0560-4987-BD87-2695BE27B676}.Debug|Any CPU.Build.0 = Debug|Any CPU
		{948F3F92-0560-4987-BD87-2695BE27B676}.Release|Any CPU.ActiveCfg = Release|Any CPU
		{948F3F92-0560-4987-BD87-2695BE27B676}.Release|Any CPU.Build.0 = Release|Any CPU
		{3A8EC805-32A2-462D-A602-2AA1132345EB}.Debug|Any CPU.ActiveCfg = Debug|Any CPU
		{3A8EC805-32A2-462D-A602-2AA1132345EB}.Debug|Any CPU.Build.0 = Debug|Any CPU
		{3A8EC805-32A2-462D-A602-2AA1132345EB}.Debug|Any CPU.Deploy.0 = Debug|Any CPU
		{3A8EC805-32A2-462D-A602-2AA1132345EB}.Release|Any CPU.ActiveCfg = Release|Any CPU
		{3A8EC805-32A2-462D-A602-2AA1132345EB}.Release|Any CPU.Build.0 = Release|Any CPU
		{3A8EC805-32A2-462D-A602-2AA1132345EB}.Release|Any CPU.Deploy.0 = Release|Any CPU
	EndGlobalSection
	GlobalSection(SolutionProperties) = preSolution
		HideSolutionNode = FALSE
	EndGlobalSection
	GlobalSection(ExtensibilityGlobals) = postSolution
		SolutionGuid = {6E01BD81-12BD-4696-8DFF-3F798024561A}
	EndGlobalSection
EndGlobal
